// !$*UTF8*$!
{
	archiveVersion = 1;
	classes = {
	};
	objectVersion = 51;
	objects = {

/* Begin PBXBuildFile section */
		0A0E6986501CF3920909C428 /* Pods_ParstagramTests.framework in Frameworks */ = {isa = PBXBuildFile; fileRef = A1DBBC21DAE0C0EFA7D96232 /* Pods_ParstagramTests.framework */; };
		62A1FAEBC160BCD866556411 /* Pods_Parstagram.framework in Frameworks */ = {isa = PBXBuildFile; fileRef = FA42772A9BB722E79D8A5B5C /* Pods_Parstagram.framework */; };
		641B60162384DF7B0072BC70 /* CommentCell.swift in Sources */ = {isa = PBXBuildFile; fileRef = 641B60152384DF7B0072BC70 /* CommentCell.swift */; };
		646A167B237F2AC300B66FC5 /* AppDelegate.swift in Sources */ = {isa = PBXBuildFile; fileRef = 646A167A237F2AC300B66FC5 /* AppDelegate.swift */; };
		646A167D237F2AC300B66FC5 /* SceneDelegate.swift in Sources */ = {isa = PBXBuildFile; fileRef = 646A167C237F2AC300B66FC5 /* SceneDelegate.swift */; };
		646A1682237F2AC300B66FC5 /* Main.storyboard in Resources */ = {isa = PBXBuildFile; fileRef = 646A1680237F2AC300B66FC5 /* Main.storyboard */; };
		646A1684237F2AC900B66FC5 /* Assets.xcassets in Resources */ = {isa = PBXBuildFile; fileRef = 646A1683237F2AC900B66FC5 /* Assets.xcassets */; };
		646A1687237F2AC900B66FC5 /* LaunchScreen.storyboard in Resources */ = {isa = PBXBuildFile; fileRef = 646A1685237F2AC900B66FC5 /* LaunchScreen.storyboard */; };
		646A1692237F2AC900B66FC5 /* ParstagramTests.swift in Sources */ = {isa = PBXBuildFile; fileRef = 646A1691237F2AC900B66FC5 /* ParstagramTests.swift */; };
		646A169D237F2AC900B66FC5 /* ParstagramUITests.swift in Sources */ = {isa = PBXBuildFile; fileRef = 646A169C237F2AC900B66FC5 /* ParstagramUITests.swift */; };
		646A16AB237F385800B66FC5 /* LoginViewController.swift in Sources */ = {isa = PBXBuildFile; fileRef = 646A16AA237F385800B66FC5 /* LoginViewController.swift */; };
		646A16AD237F387700B66FC5 /* FeedViewController.swift in Sources */ = {isa = PBXBuildFile; fileRef = 646A16AC237F387700B66FC5 /* FeedViewController.swift */; };
		646A16AF237FC83D00B66FC5 /* CameraViewController.swift in Sources */ = {isa = PBXBuildFile; fileRef = 646A16AE237FC83D00B66FC5 /* CameraViewController.swift */; };
		646A16EF2381232200B66FC5 /* PostCell.swift in Sources */ = {isa = PBXBuildFile; fileRef = 646A16EE2381232200B66FC5 /* PostCell.swift */; };
		B0F139A2C564A200F54ECBA1 /* Pods_Parstagram_ParstagramUITests.framework in Frameworks */ = {isa = PBXBuildFile; fileRef = E7B9F44EFFF4391CA3353B48 /* Pods_Parstagram_ParstagramUITests.framework */; };
/* End PBXBuildFile section */

/* Begin PBXContainerItemProxy section */
		646A168E237F2AC900B66FC5 /* PBXContainerItemProxy */ = {
			isa = PBXContainerItemProxy;
			containerPortal = 646A166F237F2AC300B66FC5 /* Project object */;
			proxyType = 1;
			remoteGlobalIDString = 646A1676237F2AC300B66FC5;
			remoteInfo = Parstagram;
		};
		646A1699237F2AC900B66FC5 /* PBXContainerItemProxy */ = {
			isa = PBXContainerItemProxy;
			containerPortal = 646A166F237F2AC300B66FC5 /* Project object */;
			proxyType = 1;
			remoteGlobalIDString = 646A1676237F2AC300B66FC5;
			remoteInfo = Parstagram;
		};
/* End PBXContainerItemProxy section */

/* Begin PBXFileReference section */
		24ECED7EA990E78F992E352E /* Pods-Parstagram.debug.xcconfig */ = {isa = PBXFileReference; includeInIndex = 1; lastKnownFileType = text.xcconfig; name = "Pods-Parstagram.debug.xcconfig"; path = "Target Support Files/Pods-Parstagram/Pods-Parstagram.debug.xcconfig"; sourceTree = "<group>"; };
		3E2E59022F7A070B9215E412 /* Pods-Parstagram-ParstagramUITests.release.xcconfig */ = {isa = PBXFileReference; includeInIndex = 1; lastKnownFileType = text.xcconfig; name = "Pods-Parstagram-ParstagramUITests.release.xcconfig"; path = "Target Support Files/Pods-Parstagram-ParstagramUITests/Pods-Parstagram-ParstagramUITests.release.xcconfig"; sourceTree = "<group>"; };
		641B60152384DF7B0072BC70 /* CommentCell.swift */ = {isa = PBXFileReference; lastKnownFileType = sourcecode.swift; path = CommentCell.swift; sourceTree = "<group>"; };
		646A1677237F2AC300B66FC5 /* Parstagram.app */ = {isa = PBXFileReference; explicitFileType = wrapper.application; includeInIndex = 0; path = Parstagram.app; sourceTree = BUILT_PRODUCTS_DIR; };
		646A167A237F2AC300B66FC5 /* AppDelegate.swift */ = {isa = PBXFileReference; lastKnownFileType = sourcecode.swift; path = AppDelegate.swift; sourceTree = "<group>"; };
		646A167C237F2AC300B66FC5 /* SceneDelegate.swift */ = {isa = PBXFileReference; lastKnownFileType = sourcecode.swift; path = SceneDelegate.swift; sourceTree = "<group>"; };
		646A1681237F2AC300B66FC5 /* Base */ = {isa = PBXFileReference; lastKnownFileType = file.storyboard; name = Base; path = Base.lproj/Main.storyboard; sourceTree = "<group>"; };
		646A1683237F2AC900B66FC5 /* Assets.xcassets */ = {isa = PBXFileReference; lastKnownFileType = folder.assetcatalog; path = Assets.xcassets; sourceTree = "<group>"; };
		646A1686237F2AC900B66FC5 /* Base */ = {isa = PBXFileReference; lastKnownFileType = file.storyboard; name = Base; path = Base.lproj/LaunchScreen.storyboard; sourceTree = "<group>"; };
		646A1688237F2AC900B66FC5 /* Info.plist */ = {isa = PBXFileReference; lastKnownFileType = text.plist.xml; path = Info.plist; sourceTree = "<group>"; };
		646A168D237F2AC900B66FC5 /* ParstagramTests.xctest */ = {isa = PBXFileReference; explicitFileType = wrapper.cfbundle; includeInIndex = 0; path = ParstagramTests.xctest; sourceTree = BUILT_PRODUCTS_DIR; };
		646A1691237F2AC900B66FC5 /* ParstagramTests.swift */ = {isa = PBXFileReference; lastKnownFileType = sourcecode.swift; path = ParstagramTests.swift; sourceTree = "<group>"; };
		646A1693237F2AC900B66FC5 /* Info.plist */ = {isa = PBXFileReference; lastKnownFileType = text.plist.xml; path = Info.plist; sourceTree = "<group>"; };
		646A1698237F2AC900B66FC5 /* ParstagramUITests.xctest */ = {isa = PBXFileReference; explicitFileType = wrapper.cfbundle; includeInIndex = 0; path = ParstagramUITests.xctest; sourceTree = BUILT_PRODUCTS_DIR; };
		646A169C237F2AC900B66FC5 /* ParstagramUITests.swift */ = {isa = PBXFileReference; lastKnownFileType = sourcecode.swift; path = ParstagramUITests.swift; sourceTree = "<group>"; };
		646A169E237F2AC900B66FC5 /* Info.plist */ = {isa = PBXFileReference; lastKnownFileType = text.plist.xml; path = Info.plist; sourceTree = "<group>"; };
		646A16AA237F385800B66FC5 /* LoginViewController.swift */ = {isa = PBXFileReference; lastKnownFileType = sourcecode.swift; path = LoginViewController.swift; sourceTree = "<group>"; };
		646A16AC237F387700B66FC5 /* FeedViewController.swift */ = {isa = PBXFileReference; lastKnownFileType = sourcecode.swift; path = FeedViewController.swift; sourceTree = "<group>"; };
		646A16AE237FC83D00B66FC5 /* CameraViewController.swift */ = {isa = PBXFileReference; lastKnownFileType = sourcecode.swift; path = CameraViewController.swift; sourceTree = "<group>"; };
		646A16EE2381232200B66FC5 /* PostCell.swift */ = {isa = PBXFileReference; lastKnownFileType = sourcecode.swift; path = PostCell.swift; sourceTree = "<group>"; };
		91B54E68EE733C1F2D9CECDA /* Pods-ParstagramTests.release.xcconfig */ = {isa = PBXFileReference; includeInIndex = 1; lastKnownFileType = text.xcconfig; name = "Pods-ParstagramTests.release.xcconfig"; path = "Target Support Files/Pods-ParstagramTests/Pods-ParstagramTests.release.xcconfig"; sourceTree = "<group>"; };
		92BB2F08D029B9256F81C222 /* Pods-Parstagram.release.xcconfig */ = {isa = PBXFileReference; includeInIndex = 1; lastKnownFileType = text.xcconfig; name = "Pods-Parstagram.release.xcconfig"; path = "Target Support Files/Pods-Parstagram/Pods-Parstagram.release.xcconfig"; sourceTree = "<group>"; };
		A1DBBC21DAE0C0EFA7D96232 /* Pods_ParstagramTests.framework */ = {isa = PBXFileReference; explicitFileType = wrapper.framework; includeInIndex = 0; path = Pods_ParstagramTests.framework; sourceTree = BUILT_PRODUCTS_DIR; };
		C69A11AC286C56FA1EFB6408 /* Pods-ParstagramTests.debug.xcconfig */ = {isa = PBXFileReference; includeInIndex = 1; lastKnownFileType = text.xcconfig; name = "Pods-ParstagramTests.debug.xcconfig"; path = "Target Support Files/Pods-ParstagramTests/Pods-ParstagramTests.debug.xcconfig"; sourceTree = "<group>"; };
		E257F4FA891E8BB24B1ED8D0 /* Pods-Parstagram-ParstagramUITests.debug.xcconfig */ = {isa = PBXFileReference; includeInIndex = 1; lastKnownFileType = text.xcconfig; name = "Pods-Parstagram-ParstagramUITests.debug.xcconfig"; path = "Target Support Files/Pods-Parstagram-ParstagramUITests/Pods-Parstagram-ParstagramUITests.debug.xcconfig"; sourceTree = "<group>"; };
		E7B9F44EFFF4391CA3353B48 /* Pods_Parstagram_ParstagramUITests.framework */ = {isa = PBXFileReference; explicitFileType = wrapper.framework; includeInIndex = 0; path = Pods_Parstagram_ParstagramUITests.framework; sourceTree = BUILT_PRODUCTS_DIR; };
		FA42772A9BB722E79D8A5B5C /* Pods_Parstagram.framework */ = {isa = PBXFileReference; explicitFileType = wrapper.framework; includeInIndex = 0; path = Pods_Parstagram.framework; sourceTree = BUILT_PRODUCTS_DIR; };
/* End PBXFileReference section */

/* Begin PBXFrameworksBuildPhase section */
		646A1674237F2AC300B66FC5 /* Frameworks */ = {
			isa = PBXFrameworksBuildPhase;
			buildActionMask = 2147483647;
			files = (
				62A1FAEBC160BCD866556411 /* Pods_Parstagram.framework in Frameworks */,
			);
			runOnlyForDeploymentPostprocessing = 0;
		};
		646A168A237F2AC900B66FC5 /* Frameworks */ = {
			isa = PBXFrameworksBuildPhase;
			buildActionMask = 2147483647;
			files = (
				0A0E6986501CF3920909C428 /* Pods_ParstagramTests.framework in Frameworks */,
			);
			runOnlyForDeploymentPostprocessing = 0;
		};
		646A1695237F2AC900B66FC5 /* Frameworks */ = {
			isa = PBXFrameworksBuildPhase;
			buildActionMask = 2147483647;
			files = (
				B0F139A2C564A200F54ECBA1 /* Pods_Parstagram_ParstagramUITests.framework in Frameworks */,
			);
			runOnlyForDeploymentPostprocessing = 0;
		};
/* End PBXFrameworksBuildPhase section */

/* Begin PBXGroup section */
		37C6D1E71B10624F58E41BD0 /* Frameworks */ = {
			isa = PBXGroup;
			children = (
				FA42772A9BB722E79D8A5B5C /* Pods_Parstagram.framework */,
				E7B9F44EFFF4391CA3353B48 /* Pods_Parstagram_ParstagramUITests.framework */,
				A1DBBC21DAE0C0EFA7D96232 /* Pods_ParstagramTests.framework */,
			);
			name = Frameworks;
			sourceTree = "<group>";
		};
		5528B9FB5029882675EDC45A /* Pods */ = {
			isa = PBXGroup;
			children = (
				24ECED7EA990E78F992E352E /* Pods-Parstagram.debug.xcconfig */,
				92BB2F08D029B9256F81C222 /* Pods-Parstagram.release.xcconfig */,
				E257F4FA891E8BB24B1ED8D0 /* Pods-Parstagram-ParstagramUITests.debug.xcconfig */,
				3E2E59022F7A070B9215E412 /* Pods-Parstagram-ParstagramUITests.release.xcconfig */,
				C69A11AC286C56FA1EFB6408 /* Pods-ParstagramTests.debug.xcconfig */,
				91B54E68EE733C1F2D9CECDA /* Pods-ParstagramTests.release.xcconfig */,
			);
			path = Pods;
			sourceTree = "<group>";
		};
		646A166E237F2AC300B66FC5 = {
			isa = PBXGroup;
			children = (
				646A1679237F2AC300B66FC5 /* Parstagram */,
				646A1690237F2AC900B66FC5 /* ParstagramTests */,
				646A169B237F2AC900B66FC5 /* ParstagramUITests */,
				646A1678237F2AC300B66FC5 /* Products */,
				5528B9FB5029882675EDC45A /* Pods */,
				37C6D1E71B10624F58E41BD0 /* Frameworks */,
			);
			sourceTree = "<group>";
		};
		646A1678237F2AC300B66FC5 /* Products */ = {
			isa = PBXGroup;
			children = (
				646A1677237F2AC300B66FC5 /* Parstagram.app */,
				646A168D237F2AC900B66FC5 /* ParstagramTests.xctest */,
				646A1698237F2AC900B66FC5 /* ParstagramUITests.xctest */,
			);
			name = Products;
			sourceTree = "<group>";
		};
		646A1679237F2AC300B66FC5 /* Parstagram */ = {
			isa = PBXGroup;
			children = (
				646A167A237F2AC300B66FC5 /* AppDelegate.swift */,
				646A167C237F2AC300B66FC5 /* SceneDelegate.swift */,
				646A1680237F2AC300B66FC5 /* Main.storyboard */,
				646A1683237F2AC900B66FC5 /* Assets.xcassets */,
				646A1685237F2AC900B66FC5 /* LaunchScreen.storyboard */,
				646A1688237F2AC900B66FC5 /* Info.plist */,
				646A16AA237F385800B66FC5 /* LoginViewController.swift */,
				646A16AC237F387700B66FC5 /* FeedViewController.swift */,
				646A16AE237FC83D00B66FC5 /* CameraViewController.swift */,
				646A16EE2381232200B66FC5 /* PostCell.swift */,
				641B60152384DF7B0072BC70 /* CommentCell.swift */,
			);
			path = Parstagram;
			sourceTree = "<group>";
		};
		646A1690237F2AC900B66FC5 /* ParstagramTests */ = {
			isa = PBXGroup;
			children = (
				646A1691237F2AC900B66FC5 /* ParstagramTests.swift */,
				646A1693237F2AC900B66FC5 /* Info.plist */,
			);
			path = ParstagramTests;
			sourceTree = "<group>";
		};
		646A169B237F2AC900B66FC5 /* ParstagramUITests */ = {
			isa = PBXGroup;
			children = (
				646A169C237F2AC900B66FC5 /* ParstagramUITests.swift */,
				646A169E237F2AC900B66FC5 /* Info.plist */,
			);
			path = ParstagramUITests;
			sourceTree = "<group>";
		};
/* End PBXGroup section */

/* Begin PBXNativeTarget section */
		646A1676237F2AC300B66FC5 /* Parstagram */ = {
			isa = PBXNativeTarget;
			buildConfigurationList = 646A16A1237F2AC900B66FC5 /* Build configuration list for PBXNativeTarget "Parstagram" */;
			buildPhases = (
				443F91DBB54F8E393AE89C32 /* [CP] Check Pods Manifest.lock */,
				646A1673237F2AC300B66FC5 /* Sources */,
				646A1674237F2AC300B66FC5 /* Frameworks */,
				646A1675237F2AC300B66FC5 /* Resources */,
				7041CC22112560CACACE886D /* [CP] Embed Pods Frameworks */,
			);
			buildRules = (
			);
			dependencies = (
			);
			name = Parstagram;
			productName = Parstagram;
			productReference = 646A1677237F2AC300B66FC5 /* Parstagram.app */;
			productType = "com.apple.product-type.application";
		};
		646A168C237F2AC900B66FC5 /* ParstagramTests */ = {
			isa = PBXNativeTarget;
			buildConfigurationList = 646A16A4237F2AC900B66FC5 /* Build configuration list for PBXNativeTarget "ParstagramTests" */;
			buildPhases = (
				A13EF53FBD596E281E0D9460 /* [CP] Check Pods Manifest.lock */,
				646A1689237F2AC900B66FC5 /* Sources */,
				646A168A237F2AC900B66FC5 /* Frameworks */,
				646A168B237F2AC900B66FC5 /* Resources */,
			);
			buildRules = (
			);
			dependencies = (
				646A168F237F2AC900B66FC5 /* PBXTargetDependency */,
			);
			name = ParstagramTests;
			productName = ParstagramTests;
			productReference = 646A168D237F2AC900B66FC5 /* ParstagramTests.xctest */;
			productType = "com.apple.product-type.bundle.unit-test";
		};
		646A1697237F2AC900B66FC5 /* ParstagramUITests */ = {
			isa = PBXNativeTarget;
			buildConfigurationList = 646A16A7237F2AC900B66FC5 /* Build configuration list for PBXNativeTarget "ParstagramUITests" */;
			buildPhases = (
				C01E3C4C5F3A56D475C13905 /* [CP] Check Pods Manifest.lock */,
				646A1694237F2AC900B66FC5 /* Sources */,
				646A1695237F2AC900B66FC5 /* Frameworks */,
				646A1696237F2AC900B66FC5 /* Resources */,
				7A22872C948CA39AFB63ABD4 /* [CP] Embed Pods Frameworks */,
			);
			buildRules = (
			);
			dependencies = (
				646A169A237F2AC900B66FC5 /* PBXTargetDependency */,
			);
			name = ParstagramUITests;
			productName = ParstagramUITests;
			productReference = 646A1698237F2AC900B66FC5 /* ParstagramUITests.xctest */;
			productType = "com.apple.product-type.bundle.ui-testing";
		};
/* End PBXNativeTarget section */

/* Begin PBXProject section */
		646A166F237F2AC300B66FC5 /* Project object */ = {
			isa = PBXProject;
			attributes = {
				LastSwiftUpdateCheck = 1110;
				LastUpgradeCheck = 1110;
				ORGANIZATIONNAME = "Nimisha Budhwani";
				TargetAttributes = {
					646A1676237F2AC300B66FC5 = {
						CreatedOnToolsVersion = 11.1;
					};
					646A168C237F2AC900B66FC5 = {
						CreatedOnToolsVersion = 11.1;
						TestTargetID = 646A1676237F2AC300B66FC5;
					};
					646A1697237F2AC900B66FC5 = {
						CreatedOnToolsVersion = 11.1;
						TestTargetID = 646A1676237F2AC300B66FC5;
					};
				};
			};
			buildConfigurationList = 646A1672237F2AC300B66FC5 /* Build configuration list for PBXProject "Parstagram" */;
			compatibilityVersion = "Xcode 9.3";
			developmentRegion = en;
			hasScannedForEncodings = 0;
			knownRegions = (
				en,
				Base,
			);
			mainGroup = 646A166E237F2AC300B66FC5;
			productRefGroup = 646A1678237F2AC300B66FC5 /* Products */;
			projectDirPath = "";
			projectRoot = "";
			targets = (
				646A1676237F2AC300B66FC5 /* Parstagram */,
				646A168C237F2AC900B66FC5 /* ParstagramTests */,
				646A1697237F2AC900B66FC5 /* ParstagramUITests */,
			);
		};
/* End PBXProject section */

/* Begin PBXResourcesBuildPhase section */
		646A1675237F2AC300B66FC5 /* Resources */ = {
			isa = PBXResourcesBuildPhase;
			buildActionMask = 2147483647;
			files = (
				646A1687237F2AC900B66FC5 /* LaunchScreen.storyboard in Resources */,
				646A1684237F2AC900B66FC5 /* Assets.xcassets in Resources */,
				646A1682237F2AC300B66FC5 /* Main.storyboard in Resources */,
			);
			runOnlyForDeploymentPostprocessing = 0;
		};
		646A168B237F2AC900B66FC5 /* Resources */ = {
			isa = PBXResourcesBuildPhase;
			buildActionMask = 2147483647;
			files = (
			);
			runOnlyForDeploymentPostprocessing = 0;
		};
		646A1696237F2AC900B66FC5 /* Resources */ = {
			isa = PBXResourcesBuildPhase;
			buildActionMask = 2147483647;
			files = (
			);
			runOnlyForDeploymentPostprocessing = 0;
		};
/* End PBXResourcesBuildPhase section */

/* Begin PBXShellScriptBuildPhase section */
		443F91DBB54F8E393AE89C32 /* [CP] Check Pods Manifest.lock */ = {
			isa = PBXShellScriptBuildPhase;
			buildActionMask = 2147483647;
			files = (
			);
			inputFileListPaths = (
			);
			inputPaths = (
				"${PODS_PODFILE_DIR_PATH}/Podfile.lock",
				"${PODS_ROOT}/Manifest.lock",
			);
			name = "[CP] Check Pods Manifest.lock";
			outputFileListPaths = (
			);
			outputPaths = (
				"$(DERIVED_FILE_DIR)/Pods-Parstagram-checkManifestLockResult.txt",
			);
			runOnlyForDeploymentPostprocessing = 0;
			shellPath = /bin/sh;
			shellScript = "diff \"${PODS_PODFILE_DIR_PATH}/Podfile.lock\" \"${PODS_ROOT}/Manifest.lock\" > /dev/null\nif [ $? != 0 ] ; then\n    # print error to STDERR\n    echo \"error: The sandbox is not in sync with the Podfile.lock. Run 'pod install' or update your CocoaPods installation.\" >&2\n    exit 1\nfi\n# This output is used by Xcode 'outputs' to avoid re-running this script phase.\necho \"SUCCESS\" > \"${SCRIPT_OUTPUT_FILE_0}\"\n";
			showEnvVarsInLog = 0;
		};
		7041CC22112560CACACE886D /* [CP] Embed Pods Frameworks */ = {
			isa = PBXShellScriptBuildPhase;
			buildActionMask = 2147483647;
			files = (
			);
			inputFileListPaths = (
				"${PODS_ROOT}/Target Support Files/Pods-Parstagram/Pods-Parstagram-frameworks-${CONFIGURATION}-input-files.xcfilelist",
			);
			name = "[CP] Embed Pods Frameworks";
			outputFileListPaths = (
				"${PODS_ROOT}/Target Support Files/Pods-Parstagram/Pods-Parstagram-frameworks-${CONFIGURATION}-output-files.xcfilelist",
			);
			runOnlyForDeploymentPostprocessing = 0;
			shellPath = /bin/sh;
			shellScript = "\"${PODS_ROOT}/Target Support Files/Pods-Parstagram/Pods-Parstagram-frameworks.sh\"\n";
			showEnvVarsInLog = 0;
		};
		7A22872C948CA39AFB63ABD4 /* [CP] Embed Pods Frameworks */ = {
			isa = PBXShellScriptBuildPhase;
			buildActionMask = 2147483647;
			files = (
			);
			inputFileListPaths = (
				"${PODS_ROOT}/Target Support Files/Pods-Parstagram-ParstagramUITests/Pods-Parstagram-ParstagramUITests-frameworks-${CONFIGURATION}-input-files.xcfilelist",
			);
			name = "[CP] Embed Pods Frameworks";
			outputFileListPaths = (
				"${PODS_ROOT}/Target Support Files/Pods-Parstagram-ParstagramUITests/Pods-Parstagram-ParstagramUITests-frameworks-${CONFIGURATION}-output-files.xcfilelist",
			);
			runOnlyForDeploymentPostprocessing = 0;
			shellPath = /bin/sh;
			shellScript = "\"${PODS_ROOT}/Target Support Files/Pods-Parstagram-ParstagramUITests/Pods-Parstagram-ParstagramUITests-frameworks.sh\"\n";
			showEnvVarsInLog = 0;
		};
		A13EF53FBD596E281E0D9460 /* [CP] Check Pods Manifest.lock */ = {
			isa = PBXShellScriptBuildPhase;
			buildActionMask = 2147483647;
			files = (
			);
			inputFileListPaths = (
			);
			inputPaths = (
				"${PODS_PODFILE_DIR_PATH}/Podfile.lock",
				"${PODS_ROOT}/Manifest.lock",
			);
			name = "[CP] Check Pods Manifest.lock";
			outputFileListPaths = (
			);
			outputPaths = (
				"$(DERIVED_FILE_DIR)/Pods-ParstagramTests-checkManifestLockResult.txt",
			);
			runOnlyForDeploymentPostprocessing = 0;
			shellPath = /bin/sh;
			shellScript = "diff \"${PODS_PODFILE_DIR_PATH}/Podfile.lock\" \"${PODS_ROOT}/Manifest.lock\" > /dev/null\nif [ $? != 0 ] ; then\n    # print error to STDERR\n    echo \"error: The sandbox is not in sync with the Podfile.lock. Run 'pod install' or update your CocoaPods installation.\" >&2\n    exit 1\nfi\n# This output is used by Xcode 'outputs' to avoid re-running this script phase.\necho \"SUCCESS\" > \"${SCRIPT_OUTPUT_FILE_0}\"\n";
			showEnvVarsInLog = 0;
		};
		C01E3C4C5F3A56D475C13905 /* [CP] Check Pods Manifest.lock */ = {
			isa = PBXShellScriptBuildPhase;
			buildActionMask = 2147483647;
			files = (
			);
			inputFileListPaths = (
			);
			inputPaths = (
				"${PODS_PODFILE_DIR_PATH}/Podfile.lock",
				"${PODS_ROOT}/Manifest.lock",
			);
			name = "[CP] Check Pods Manifest.lock";
			outputFileListPaths = (
			);
			outputPaths = (
				"$(DERIVED_FILE_DIR)/Pods-Parstagram-ParstagramUITests-checkManifestLockResult.txt",
			);
			runOnlyForDeploymentPostprocessing = 0;
			shellPath = /bin/sh;
			shellScript = "diff \"${PODS_PODFILE_DIR_PATH}/Podfile.lock\" \"${PODS_ROOT}/Manifest.lock\" > /dev/null\nif [ $? != 0 ] ; then\n    # print error to STDERR\n    echo \"error: The sandbox is not in sync with the Podfile.lock. Run 'pod install' or update your CocoaPods installation.\" >&2\n    exit 1\nfi\n# This output is used by Xcode 'outputs' to avoid re-running this script phase.\necho \"SUCCESS\" > \"${SCRIPT_OUTPUT_FILE_0}\"\n";
			showEnvVarsInLog = 0;
		};
/* End PBXShellScriptBuildPhase section */

/* Begin PBXSourcesBuildPhase section */
		646A1673237F2AC300B66FC5 /* Sources */ = {
			isa = PBXSourcesBuildPhase;
			buildActionMask = 2147483647;
			files = (
				646A16AB237F385800B66FC5 /* LoginViewController.swift in Sources */,
				646A16AF237FC83D00B66FC5 /* CameraViewController.swift in Sources */,
				646A167B237F2AC300B66FC5 /* AppDelegate.swift in Sources */,
				646A16AD237F387700B66FC5 /* FeedViewController.swift in Sources */,
				646A167D237F2AC300B66FC5 /* SceneDelegate.swift in Sources */,
				646A16EF2381232200B66FC5 /* PostCell.swift in Sources */,
				641B60162384DF7B0072BC70 /* CommentCell.swift in Sources */,
			);
			runOnlyForDeploymentPostprocessing = 0;
		};
		646A1689237F2AC900B66FC5 /* Sources */ = {
			isa = PBXSourcesBuildPhase;
			buildActionMask = 2147483647;
			files = (
				646A1692237F2AC900B66FC5 /* ParstagramTests.swift in Sources */,
			);
			runOnlyForDeploymentPostprocessing = 0;
		};
		646A1694237F2AC900B66FC5 /* Sources */ = {
			isa = PBXSourcesBuildPhase;
			buildActionMask = 2147483647;
			files = (
				646A169D237F2AC900B66FC5 /* ParstagramUITests.swift in Sources */,
			);
			runOnlyForDeploymentPostprocessing = 0;
		};
/* End PBXSourcesBuildPhase section */

/* Begin PBXTargetDependency section */
		646A168F237F2AC900B66FC5 /* PBXTargetDependency */ = {
			isa = PBXTargetDependency;
			target = 646A1676237F2AC300B66FC5 /* Parstagram */;
			targetProxy = 646A168E237F2AC900B66FC5 /* PBXContainerItemProxy */;
		};
		646A169A237F2AC900B66FC5 /* PBXTargetDependency */ = {
			isa = PBXTargetDependency;
			target = 646A1676237F2AC300B66FC5 /* Parstagram */;
			targetProxy = 646A1699237F2AC900B66FC5 /* PBXContainerItemProxy */;
		};
/* End PBXTargetDependency section */

/* Begin PBXVariantGroup section */
		646A1680237F2AC300B66FC5 /* Main.storyboard */ = {
			isa = PBXVariantGroup;
			children = (
				646A1681237F2AC300B66FC5 /* Base */,
			);
			name = Main.storyboard;
			sourceTree = "<group>";
		};
		646A1685237F2AC900B66FC5 /* LaunchScreen.storyboard */ = {
			isa = PBXVariantGroup;
			children = (
				646A1686237F2AC900B66FC5 /* Base */,
			);
			name = LaunchScreen.storyboard;
			sourceTree = "<group>";
		};
/* End PBXVariantGroup section */

/* Begin XCBuildConfiguration section */
		646A169F237F2AC900B66FC5 /* Debug */ = {
			isa = XCBuildConfiguration;
			buildSettings = {
				ALWAYS_SEARCH_USER_PATHS = NO;
				CLANG_ANALYZER_NONNULL = YES;
				CLANG_ANALYZER_NUMBER_OBJECT_CONVERSION = YES_AGGRESSIVE;
				CLANG_CXX_LANGUAGE_STANDARD = "gnu++14";
				CLANG_CXX_LIBRARY = "libc++";
				CLANG_ENABLE_MODULES = YES;
				CLANG_ENABLE_OBJC_ARC = YES;
				CLANG_ENABLE_OBJC_WEAK = YES;
				CLANG_WARN_BLOCK_CAPTURE_AUTORELEASING = YES;
				CLANG_WARN_BOOL_CONVERSION = YES;
				CLANG_WARN_COMMA = YES;
				CLANG_WARN_CONSTANT_CONVERSION = YES;
				CLANG_WARN_DEPRECATED_OBJC_IMPLEMENTATIONS = YES;
				CLANG_WARN_DIRECT_OBJC_ISA_USAGE = YES_ERROR;
				CLANG_WARN_DOCUMENTATION_COMMENTS = YES;
				CLANG_WARN_EMPTY_BODY = YES;
				CLANG_WARN_ENUM_CONVERSION = YES;
				CLANG_WARN_INFINITE_RECURSION = YES;
				CLANG_WARN_INT_CONVERSION = YES;
				CLANG_WARN_NON_LITERAL_NULL_CONVERSION = YES;
				CLANG_WARN_OBJC_IMPLICIT_RETAIN_SELF = YES;
				CLANG_WARN_OBJC_LITERAL_CONVERSION = YES;
				CLANG_WARN_OBJC_ROOT_CLASS = YES_ERROR;
				CLANG_WARN_RANGE_LOOP_ANALYSIS = YES;
				CLANG_WARN_STRICT_PROTOTYPES = YES;
				CLANG_WARN_SUSPICIOUS_MOVE = YES;
				CLANG_WARN_UNGUARDED_AVAILABILITY = YES_AGGRESSIVE;
				CLANG_WARN_UNREACHABLE_CODE = YES;
				CLANG_WARN__DUPLICATE_METHOD_MATCH = YES;
				COPY_PHASE_STRIP = NO;
				DEBUG_INFORMATION_FORMAT = dwarf;
				ENABLE_STRICT_OBJC_MSGSEND = YES;
				ENABLE_TESTABILITY = YES;
				GCC_C_LANGUAGE_STANDARD = gnu11;
				GCC_DYNAMIC_NO_PIC = NO;
				GCC_NO_COMMON_BLOCKS = YES;
				GCC_OPTIMIZATION_LEVEL = 0;
				GCC_PREPROCESSOR_DEFINITIONS = (
					"DEBUG=1",
					"$(inherited)",
				);
				GCC_WARN_64_TO_32_BIT_CONVERSION = YES;
				GCC_WARN_ABOUT_RETURN_TYPE = YES_ERROR;
				GCC_WARN_UNDECLARED_SELECTOR = YES;
				GCC_WARN_UNINITIALIZED_AUTOS = YES_AGGRESSIVE;
				GCC_WARN_UNUSED_FUNCTION = YES;
				GCC_WARN_UNUSED_VARIABLE = YES;
				IPHONEOS_DEPLOYMENT_TARGET = 13.1;
				MTL_ENABLE_DEBUG_INFO = INCLUDE_SOURCE;
				MTL_FAST_MATH = YES;
				ONLY_ACTIVE_ARCH = YES;
				SDKROOT = iphoneos;
				SWIFT_ACTIVE_COMPILATION_CONDITIONS = DEBUG;
				SWIFT_OPTIMIZATION_LEVEL = "-Onone";
			};
			name = Debug;
		};
		646A16A0237F2AC900B66FC5 /* Release */ = {
			isa = XCBuildConfiguration;
			buildSettings = {
				ALWAYS_SEARCH_USER_PATHS = NO;
				CLANG_ANALYZER_NONNULL = YES;
				CLANG_ANALYZER_NUMBER_OBJECT_CONVERSION = YES_AGGRESSIVE;
				CLANG_CXX_LANGUAGE_STANDARD = "gnu++14";
				CLANG_CXX_LIBRARY = "libc++";
				CLANG_ENABLE_MODULES = YES;
				CLANG_ENABLE_OBJC_ARC = YES;
				CLANG_ENABLE_OBJC_WEAK = YES;
				CLANG_WARN_BLOCK_CAPTURE_AUTORELEASING = YES;
				CLANG_WARN_BOOL_CONVERSION = YES;
				CLANG_WARN_COMMA = YES;
				CLANG_WARN_CONSTANT_CONVERSION = YES;
				CLANG_WARN_DEPRECATED_OBJC_IMPLEMENTATIONS = YES;
				CLANG_WARN_DIRECT_OBJC_ISA_USAGE = YES_ERROR;
				CLANG_WARN_DOCUMENTATION_COMMENTS = YES;
				CLANG_WARN_EMPTY_BODY = YES;
				CLANG_WARN_ENUM_CONVERSION = YES;
				CLANG_WARN_INFINITE_RECURSION = YES;
				CLANG_WARN_INT_CONVERSION = YES;
				CLANG_WARN_NON_LITERAL_NULL_CONVERSION = YES;
				CLANG_WARN_OBJC_IMPLICIT_RETAIN_SELF = YES;
				CLANG_WARN_OBJC_LITERAL_CONVERSION = YES;
				CLANG_WARN_OBJC_ROOT_CLASS = YES_ERROR;
				CLANG_WARN_RANGE_LOOP_ANALYSIS = YES;
				CLANG_WARN_STRICT_PROTOTYPES = YES;
				CLANG_WARN_SUSPICIOUS_MOVE = YES;
				CLANG_WARN_UNGUARDED_AVAILABILITY = YES_AGGRESSIVE;
				CLANG_WARN_UNREACHABLE_CODE = YES;
				CLANG_WARN__DUPLICATE_METHOD_MATCH = YES;
				COPY_PHASE_STRIP = NO;
				DEBUG_INFORMATION_FORMAT = "dwarf-with-dsym";
				ENABLE_NS_ASSERTIONS = NO;
				ENABLE_STRICT_OBJC_MSGSEND = YES;
				GCC_C_LANGUAGE_STANDARD = gnu11;
				GCC_NO_COMMON_BLOCKS = YES;
				GCC_WARN_64_TO_32_BIT_CONVERSION = YES;
				GCC_WARN_ABOUT_RETURN_TYPE = YES_ERROR;
				GCC_WARN_UNDECLARED_SELECTOR = YES;
				GCC_WARN_UNINITIALIZED_AUTOS = YES_AGGRESSIVE;
				GCC_WARN_UNUSED_FUNCTION = YES;
				GCC_WARN_UNUSED_VARIABLE = YES;
				IPHONEOS_DEPLOYMENT_TARGET = 13.1;
				MTL_ENABLE_DEBUG_INFO = NO;
				MTL_FAST_MATH = YES;
				SDKROOT = iphoneos;
				SWIFT_COMPILATION_MODE = wholemodule;
				SWIFT_OPTIMIZATION_LEVEL = "-O";
				VALIDATE_PRODUCT = YES;
			};
			name = Release;
		};
		646A16A2237F2AC900B66FC5 /* Debug */ = {
			isa = XCBuildConfiguration;
			baseConfigurationReference = 24ECED7EA990E78F992E352E /* Pods-Parstagram.debug.xcconfig */;
			buildSettings = {
				ASSETCATALOG_COMPILER_APPICON_NAME = AppIcon;
				CODE_SIGN_STYLE = Automatic;
				INFOPLIST_FILE = Parstagram/Info.plist;
				LD_RUNPATH_SEARCH_PATHS = (
					"$(inherited)",
					"@executable_path/Frameworks",
				);
				PRODUCT_BUNDLE_IDENTIFIER = codepath.Parstagram;
				PRODUCT_NAME = "$(TARGET_NAME)";
				SWIFT_VERSION = 5.0;
				TARGETED_DEVICE_FAMILY = "1,2";
			};
			name = Debug;
		};
		646A16A3237F2AC900B66FC5 /* Release */ = {
			isa = XCBuildConfiguration;
			baseConfigurationReference = 92BB2F08D029B9256F81C222 /* Pods-Parstagram.release.xcconfig */;
			buildSettings = {
				ASSETCATALOG_COMPILER_APPICON_NAME = AppIcon;
				CODE_SIGN_STYLE = Automatic;
				INFOPLIST_FILE = Parstagram/Info.plist;
				LD_RUNPATH_SEARCH_PATHS = (
					"$(inherited)",
					"@executable_path/Frameworks",
				);
				PRODUCT_BUNDLE_IDENTIFIER = codepath.Parstagram;
				PRODUCT_NAME = "$(TARGET_NAME)";
				SWIFT_VERSION = 5.0;
				TARGETED_DEVICE_FAMILY = "1,2";
			};
			name = Release;
		};
		646A16A5237F2AC900B66FC5 /* Debug */ = {
			isa = XCBuildConfiguration;
			baseConfigurationReference = C69A11AC286C56FA1EFB6408 /* Pods-ParstagramTests.debug.xcconfig */;
			buildSettings = {
				ALWAYS_EMBED_SWIFT_STANDARD_LIBRARIES = YES;
				BUNDLE_LOADER = "$(TEST_HOST)";
				CODE_SIGN_STYLE = Automatic;
				INFOPLIST_FILE = ParstagramTests/Info.plist;
				IPHONEOS_DEPLOYMENT_TARGET = 13.1;
				LD_RUNPATH_SEARCH_PATHS = (
					"$(inherited)",
					"@executable_path/Frameworks",
					"@loader_path/Frameworks",
				);
				PRODUCT_BUNDLE_IDENTIFIER = codepath.ParstagramTests;
				PRODUCT_NAME = "$(TARGET_NAME)";
				SWIFT_VERSION = 5.0;
				TARGETED_DEVICE_FAMILY = "1,2";
				TEST_HOST = "$(BUILT_PRODUCTS_DIR)/Parstagram.app/Parstagram";
			};
			name = Debug;
		};
		646A16A6237F2AC900B66FC5 /* Release */ = {
			isa = XCBuildConfiguration;
			baseConfigurationReference = 91B54E68EE733C1F2D9CECDA /* Pods-ParstagramTests.release.xcconfig */;
			buildSettings = {
				ALWAYS_EMBED_SWIFT_STANDARD_LIBRARIES = YES;
				BUNDLE_LOADER = "$(TEST_HOST)";
				CODE_SIGN_STYLE = Automatic;
				INFOPLIST_FILE = ParstagramTests/Info.plist;
				IPHONEOS_DEPLOYMENT_TARGET = 13.1;
				LD_RUNPATH_SEARCH_PATHS = (
					"$(inherited)",
					"@executable_path/Frameworks",
					"@loader_path/Frameworks",
				);
				PRODUCT_BUNDLE_IDENTIFIER = codepath.ParstagramTests;
				PRODUCT_NAME = "$(TARGET_NAME)";
				SWIFT_VERSION = 5.0;
				TARGETED_DEVICE_FAMILY = "1,2";
				TEST_HOST = "$(BUILT_PRODUCTS_DIR)/Parstagram.app/Parstagram";
			};
			name = Release;
		};
		646A16A8237F2AC900B66FC5 /* Debug */ = {
			isa = XCBuildConfiguration;
			baseConfigurationReference = E257F4FA891E8BB24B1ED8D0 /* Pods-Parstagram-ParstagramUITests.debug.xcconfig */;
			buildSettings = {
				ALWAYS_EMBED_SWIFT_STANDARD_LIBRARIES = YES;
				CODE_SIGN_STYLE = Automatic;
				INFOPLIST_FILE = ParstagramUITests/Info.plist;
				LD_RUNPATH_SEARCH_PATHS = (
					"$(inherited)",
					"@executable_path/Frameworks",
					"@loader_path/Frameworks",
				);
				PRODUCT_BUNDLE_IDENTIFIER = codepath.ParstagramUITests;
				PRODUCT_NAME = "$(TARGET_NAME)";
				SWIFT_VERSION = 5.0;
				TARGETED_DEVICE_FAMILY = "1,2";
				TEST_TARGET_NAME = Parstagram;
			};
			name = Debug;
		};
		646A16A9237F2AC900B66FC5 /* Release */ = {
			isa = XCBuildConfiguration;
			baseConfigurationReference = 3E2E59022F7A070B9215E412 /* Pods-Parstagram-ParstagramUITests.release.xcconfig */;
			buildSettings = {
				ALWAYS_EMBED_SWIFT_STANDARD_LIBRARIES = YES;
				CODE_SIGN_STYLE = Automatic;
				INFOPLIST_FILE = ParstagramUITests/Info.plist;
				LD_RUNPATH_SEARCH_PATHS = (
					"$(inherited)",
					"@executable_path/Frameworks",
					"@loader_path/Frameworks",
				);
				PRODUCT_BUNDLE_IDENTIFIER = codepath.ParstagramUITests;
				PRODUCT_NAME = "$(TARGET_NAME)";
				SWIFT_VERSION = 5.0;
				TARGETED_DEVICE_FAMILY = "1,2";
				TEST_TARGET_NAME = Parstagram;
			};
			name = Release;
		};
/* End XCBuildConfiguration section */

/* Begin XCConfigurationList section */
		646A1672237F2AC300B66FC5 /* Build configuration list for PBXProject "Parstagram" */ = {
			isa = XCConfigurationList;
			buildConfigurations = (
				646A169F237F2AC900B66FC5 /* Debug */,
				646A16A0237F2AC900B66FC5 /* Release */,
			);
			defaultConfigurationIsVisible = 0;
			defaultConfigurationName = Release;
		};
		646A16A1237F2AC900B66FC5 /* Build configuration list for PBXNativeTarget "Parstagram" */ = {
			isa = XCConfigurationList;
			buildConfigurations = (
				646A16A2237F2AC900B66FC5 /* Debug */,
				646A16A3237F2AC900B66FC5 /* Release */,
			);
			defaultConfigurationIsVisible = 0;
			defaultConfigurationName = Release;
		};
		646A16A4237F2AC900B66FC5 /* Build configuration list for PBXNativeTarget "ParstagramTests" */ = {
			isa = XCConfigurationList;
			buildConfigurations = (
				646A16A5237F2AC900B66FC5 /* Debug */,
				646A16A6237F2AC900B66FC5 /* Release */,
			);
			defaultConfigurationIsVisible = 0;
			defaultConfigurationName = Release;
		};
		646A16A7237F2AC900B66FC5 /* Build configuration list for PBXNativeTarget "ParstagramUITests" */ = {
			isa = XCConfigurationList;
			buildConfigurations = (
				646A16A8237F2AC900B66FC5 /* Debug */,
				646A16A9237F2AC900B66FC5 /* Release */,
			);
			defaultConfigurationIsVisible = 0;
			defaultConfigurationName = Release;
		};
/* End XCConfigurationList section */
	};
	rootObject = 646A166F237F2AC300B66FC5 /* Project object */;
}
